<?xml version="1.0" encoding="utf-8"?>
<Project ToolsVersion="4.0" xmlns="http://schemas.microsoft.com/developer/msbuild/2003">
  <ItemGroup>
    <Filter Include="Файлы исходного кода">
      <UniqueIdentifier>{4FC737F1-C7A5-4376-A066-2A32D752A2FF}</UniqueIdentifier>
      <Extensions>cpp;c;cc;cxx;def;odl;idl;hpj;bat;asm;asmx</Extensions>
    </Filter>
    <Filter Include="Заголовочные файлы">
      <UniqueIdentifier>{93995380-89BD-4b04-88EB-625FBE52EBFB}</UniqueIdentifier>
      <Extensions>h;hh;hpp;hxx;hm;inl;inc;xsd</Extensions>
    </Filter>
    <Filter Include="Файлы ресурсов">
      <UniqueIdentifier>{67DA6AB6-F800-4c08-8B7A-83BB121AAD01}</UniqueIdentifier>
      <Extensions>rc;ico;cur;bmp;dlg;rc2;rct;bin;rgs;gif;jpg;jpeg;jpe;resx;tiff;tif;png;wav;mfcribbon-ms</Extensions>
    </Filter>
    <Filter Include="GameState">
      <UniqueIdentifier>{7bfbb414-2546-4fa5-ba3b-6e128da85dd3}</UniqueIdentifier>
    </Filter>
    <Filter Include="GUI">
      <UniqueIdentifier>{18b9ca79-5c7d-4b42-af50-874ff5880697}</UniqueIdentifier>
    </Filter>
    <Filter Include="Game">
      <UniqueIdentifier>{5ee5569e-ed62-43fd-974c-4fc905bd1a6d}</UniqueIdentifier>
    </Filter>
  </ItemGroup>
  <ItemGroup>
    <ClCompile Include="Main.cpp">
      <Filter>Файлы исходного кода</Filter>
    </ClCompile>
    <ClCompile Include="Logger.cpp">
      <Filter>Файлы исходного кода</Filter>
    </ClCompile>
    <ClCompile Include="Engine.cpp">
      <Filter>Файлы исходного кода</Filter>
    </ClCompile>
    <ClCompile Include="GameState\StateManager.cpp">
      <Filter>GameState</Filter>
    </ClCompile>
    <ClCompile Include="GameState\IntroState.cpp">
      <Filter>GameState</Filter>
    </ClCompile>
    <ClCompile Include="AssetManager.cpp">
      <Filter>Файлы исходного кода</Filter>
    </ClCompile>
    <ClCompile Include="GameState\MenuState.cpp">
      <Filter>GameState</Filter>
    </ClCompile>
    <ClCompile Include="GUI\TextButton.cpp">
      <Filter>GUI</Filter>
    </ClCompile>
    <ClCompile Include="GameState\CreditsState.cpp">
      <Filter>GameState</Filter>
    </ClCompile>
    <ClCompile Include="Game\GameServer.cpp">
      <Filter>Game</Filter>
    </ClCompile>
    <ClCompile Include="Game\GameProtocol.cpp">
      <Filter>Game</Filter>
    </ClCompile>
    <ClCompile Include="GameState\PlayState.cpp">
      <Filter>GameState</Filter>
    </ClCompile>
    <ClCompile Include="Game\Game.cpp">
      <Filter>Game</Filter>
    </ClCompile>
    <ClCompile Include="Game\Renderer.cpp">
      <Filter>Game</Filter>
    </ClCompile>
    <ClCompile Include="Game\Player.cpp">
      <Filter>Game</Filter>
    </ClCompile>
    <ClCompile Include="Game\RichText.cpp">
      <Filter>Game</Filter>
    </ClCompile>
    <ClCompile Include="Game\Chat.cpp">
      <Filter>Game</Filter>
    </ClCompile>
    <ClCompile Include="Game\Level.cpp">
      <Filter>Game</Filter>
    </ClCompile>
    <ClCompile Include="GUI\FPS.cpp">
      <Filter>GUI</Filter>
    </ClCompile>
    <ClCompile Include="Game\Weapon.cpp">
      <Filter>Game</Filter>
    </ClCompile>
    <ClCompile Include="Game\Zombie.cpp">
      <Filter>Game</Filter>
    </ClCompile>
    <ClCompile Include="Game\Random.cpp">
      <Filter>Game</Filter>
    </ClCompile>
  </ItemGroup>
  <ItemGroup>
    <ClInclude Include="Engine.h">
      <Filter>Заголовочные файлы</Filter>
    </ClInclude>
    <ClInclude Include="Logger.h">
      <Filter>Заголовочные файлы</Filter>
    </ClInclude>
    <ClInclude Include="GameState\IntroState.h">
      <Filter>GameState</Filter>
    </ClInclude>
    <ClInclude Include="GameState\StateManager.h">
      <Filter>GameState</Filter>
    </ClInclude>
    <ClInclude Include="GameState\GameState.h">
      <Filter>GameState</Filter>
    </ClInclude>
    <ClInclude Include="AssetManager.h">
      <Filter>Заголовочные файлы</Filter>
    </ClInclude>
    <ClInclude Include="GameState\MenuState.h">
      <Filter>GameState</Filter>
    </ClInclude>
    <ClInclude Include="GUI\TextButton.h">
      <Filter>GUI</Filter>
    </ClInclude>
    <ClInclude Include="GameState\CreditsState.h">
      <Filter>GameState</Filter>
    </ClInclude>
    <ClInclude Include="Game\GameServer.h">
      <Filter>Game</Filter>
    </ClInclude>
    <ClInclude Include="Game\GameProtocol.h">
      <Filter>Game</Filter>
    </ClInclude>
    <ClInclude Include="Game\Constants.h">
      <Filter>Game</Filter>
    </ClInclude>
    <ClInclude Include="Game\Game.h">
      <Filter>Game</Filter>
    </ClInclude>
    <ClInclude Include="GameState\PlayState.h">
      <Filter>GameState</Filter>
    </ClInclude>
    <ClInclude Include="Game\Player.h">
      <Filter>Game</Filter>
    </ClInclude>
    <ClInclude Include="Game\Renderer.h">
      <Filter>Game</Filter>
    </ClInclude>
    <ClInclude Include="Game\Chat.h">
      <Filter>Game</Filter>
    </ClInclude>
    <ClInclude Include="Game\RichText.h">
      <Filter>Game</Filter>
    </ClInclude>
    <ClInclude Include="Game\SFMLOrthogonalLayer.hpp">
      <Filter>Game</Filter>
    </ClInclude>
    <ClInclude Include="Game\Level.h">
      <Filter>Game</Filter>
    </ClInclude>
    <ClInclude Include="GUI\FPS.h">
      <Filter>GUI</Filter>
    </ClInclude>
    <ClInclude Include="Game\Weapon.h">
      <Filter>Game</Filter>
    </ClInclude>
    <ClInclude Include="Game\Inventory.h">
      <Filter>Game</Filter>
    </ClInclude>
    <ClInclude Include="Game\Zombie.h">
      <Filter>Game</Filter>
    </ClInclude>
    <ClInclude Include="Game\Effect.h">
      <Filter>Game</Filter>
    </ClInclude>
    <ClInclude Include="Game\Random.h">
      <Filter>Game</Filter>
    </ClInclude>
  </ItemGroup>
</Project>